
Microsoft Visual Studio Solution File, Format Version 12.00
# Visual Studio 15
VisualStudioVersion = 15.0.27703.2000
MinimumVisualStudioVersion = 10.0.40219.1
Project("{FAE04EC0-301F-11D3-BF4B-00C04F79EFBC}") = "AssembliesAndNamespaces", "AssembliesAndNamespaces\AssembliesAndNamespaces.csproj", "{69A6C4A2-CF52-409A-AFE5-CABE10C1507B}"
EndProject
Global
	GlobalSection(SolutionConfigurationPlatforms) = preSolution
		Debug|Any CPU = Debug|Any CPU
		Release|Any CPU = Release|Any CPU
	EndGlobalSection
	GlobalSection(ProjectConfigurationPlatforms) = postSolution
		{69A6C4A2-CF52-409A-AFE5-CABE10C1507B}.Debug|Any CPU.ActiveCfg = Debug|Any CPU
		{69A6C4A2-CF52-409A-AFE5-CABE10C1507B}.Debug|Any CPU.Build.0 = Debug|Any CPU
		{69A6C4A2-CF52-409A-AFE5-CABE10C1507B}.Release|Any CPU.ActiveCfg = Release|Any CPU
		{69A6C4A2-CF52-409A-AFE5-CABE10C1507B}.Release|Any CPU.Build.0 = Release|Any CPU
	EndGlobalSection
	GlobalSection(SolutionProperties) = preSolution
		HideSolutionNode = FALSE
	EndGlobalSection
	GlobalSection(ExtensibilityGlobals) = postSolution
		SolutionGuid = {9E6D8A17-3136-480E-A8D6-B54A4F143D49}
	EndGlobalSection
EndGlobal
