
Microsoft Visual Studio Solution File, Format Version 12.00
# Visual Studio 15
VisualStudioVersion = 15.0.27703.2000
MinimumVisualStudioVersion = 10.0.40219.1
Project("{FAE04EC0-301F-11D3-BF4B-00C04F79EFBC}") = "ObjectLifetime", "ObjectLifetime\ObjectLifetime.csproj", "{BA1CAC20-A1EF-488E-8350-8DCCDF2DB196}"
EndProject
Global
	GlobalSection(SolutionConfigurationPlatforms) = preSolution
		Debug|Any CPU = Debug|Any CPU
		Release|Any CPU = Release|Any CPU
	EndGlobalSection
	GlobalSection(ProjectConfigurationPlatforms) = postSolution
		{BA1CAC20-A1EF-488E-8350-8DCCDF2DB196}.Debug|Any CPU.ActiveCfg = Debug|Any CPU
		{BA1CAC20-A1EF-488E-8350-8DCCDF2DB196}.Debug|Any CPU.Build.0 = Debug|Any CPU
		{BA1CAC20-A1EF-488E-8350-8DCCDF2DB196}.Release|Any CPU.ActiveCfg = Release|Any CPU
		{BA1CAC20-A1EF-488E-8350-8DCCDF2DB196}.Release|Any CPU.Build.0 = Release|Any CPU
	EndGlobalSection
	GlobalSection(SolutionProperties) = preSolution
		HideSolutionNode = FALSE
	EndGlobalSection
	GlobalSection(ExtensibilityGlobals) = postSolution
		SolutionGuid = {D79C4151-A1C1-478D-BC9B-DDFBDFE6429C}
	EndGlobalSection
EndGlobal
